// !$*UTF8*$!
{
	archiveVersion = 1;
	classes = {
	};
	objectVersion = 50;
	objects = {

/* Begin PBXBuildFile section */
		D102ED4A219CBEDD000D2E55 /* AppDelegate.swift in Sources */ = {isa = PBXBuildFile; fileRef = D102ED49219CBEDD000D2E55 /* AppDelegate.swift */; };
		D102ED4C219CBEDD000D2E55 /* SessionsViewController.swift in Sources */ = {isa = PBXBuildFile; fileRef = D102ED4B219CBEDD000D2E55 /* SessionsViewController.swift */; };
		D102ED4E219CBEDD000D2E55 /* DetailViewController.swift in Sources */ = {isa = PBXBuildFile; fileRef = D102ED4D219CBEDD000D2E55 /* DetailViewController.swift */; };
		D102ED51219CBEDD000D2E55 /* Main.storyboard in Resources */ = {isa = PBXBuildFile; fileRef = D102ED4F219CBEDD000D2E55 /* Main.storyboard */; };
		D102ED53219CBEDD000D2E55 /* Assets.xcassets in Resources */ = {isa = PBXBuildFile; fileRef = D102ED52219CBEDD000D2E55 /* Assets.xcassets */; };
		D102ED56219CBEDD000D2E55 /* LaunchScreen.storyboard in Resources */ = {isa = PBXBuildFile; fileRef = D102ED54219CBEDD000D2E55 /* LaunchScreen.storyboard */; };
		D102ED61219CBEDE000D2E55 /* WalkAboutTests.swift in Sources */ = {isa = PBXBuildFile; fileRef = D102ED60219CBEDE000D2E55 /* WalkAboutTests.swift */; };
		D102ED6C219CCF23000D2E55 /* DataModel.swift in Sources */ = {isa = PBXBuildFile; fileRef = D102ED6B219CCF23000D2E55 /* DataModel.swift */; };
		D102ED6E219CD19A000D2E55 /* Constants.swift in Sources */ = {isa = PBXBuildFile; fileRef = D102ED6D219CD19A000D2E55 /* Constants.swift */; };
		D102ED70219CD340000D2E55 /* DataStore.swift in Sources */ = {isa = PBXBuildFile; fileRef = D102ED6F219CD340000D2E55 /* DataStore.swift */; };
		D1091D9B219E234A00949099 /* AcceleroMeter.swift in Sources */ = {isa = PBXBuildFile; fileRef = D1091D9A219E234A00949099 /* AcceleroMeter.swift */; };
		D120D89021A0633400F477A5 /* Settings.bundle in Resources */ = {isa = PBXBuildFile; fileRef = D120D88921A0633400F477A5 /* Settings.bundle */; };
		D120D89221A0666400F477A5 /* NetworkClient.swift in Sources */ = {isa = PBXBuildFile; fileRef = D120D89121A0666400F477A5 /* NetworkClient.swift */; };
		D120D89421A06E1100F477A5 /* DeviceInfo.swift in Sources */ = {isa = PBXBuildFile; fileRef = D120D89321A06E1100F477A5 /* DeviceInfo.swift */; };
		D120D89521A0DAC700F477A5 /* libsqlite3.tbd in Frameworks */ = {isa = PBXBuildFile; fileRef = D102ED72219CD753000D2E55 /* libsqlite3.tbd */; };
		D1CCD63C21A22E7D00E056AC /* SQLite.framework in Frameworks */ = {isa = PBXBuildFile; fileRef = D1CCD62F21A22E6D00E056AC /* SQLite.framework */; };
		D1CCD63D21A22E7D00E056AC /* SQLite.framework in Embed Frameworks */ = {isa = PBXBuildFile; fileRef = D1CCD62F21A22E6D00E056AC /* SQLite.framework */; settings = {ATTRIBUTES = (CodeSignOnCopy, RemoveHeadersOnCopy, ); }; };
/* End PBXBuildFile section */

/* Begin PBXContainerItemProxy section */
		D102ED5D219CBEDE000D2E55 /* PBXContainerItemProxy */ = {
			isa = PBXContainerItemProxy;
			containerPortal = D102ED3E219CBEDD000D2E55 /* Project object */;
			proxyType = 1;
			remoteGlobalIDString = D102ED45219CBEDD000D2E55;
			remoteInfo = WalkAbout;
		};
		D1CCD62E21A22E6D00E056AC /* PBXContainerItemProxy */ = {
			isa = PBXContainerItemProxy;
			containerPortal = D1CCD5FA21A22E6D00E056AC /* SQLite.xcodeproj */;
			proxyType = 2;
			remoteGlobalIDString = EE247AD31C3F04ED00AE3E12;
			remoteInfo = "SQLite iOS";
		};
		D1CCD63021A22E6D00E056AC /* PBXContainerItemProxy */ = {
			isa = PBXContainerItemProxy;
			containerPortal = D1CCD5FA21A22E6D00E056AC /* SQLite.xcodeproj */;
			proxyType = 2;
			remoteGlobalIDString = EE247ADD1C3F04ED00AE3E12;
			remoteInfo = "SQLiteTests iOS";
		};
		D1CCD63221A22E6D00E056AC /* PBXContainerItemProxy */ = {
			isa = PBXContainerItemProxy;
			containerPortal = D1CCD5FA21A22E6D00E056AC /* SQLite.xcodeproj */;
			proxyType = 2;
			remoteGlobalIDString = EE247B3C1C3F3ED000AE3E12;
			remoteInfo = "SQLite Mac";
		};
		D1CCD63421A22E6D00E056AC /* PBXContainerItemProxy */ = {
			isa = PBXContainerItemProxy;
			containerPortal = D1CCD5FA21A22E6D00E056AC /* SQLite.xcodeproj */;
			proxyType = 2;
			remoteGlobalIDString = EE247B451C3F3ED000AE3E12;
			remoteInfo = "SQLiteTests Mac";
		};
		D1CCD63621A22E6D00E056AC /* PBXContainerItemProxy */ = {
			isa = PBXContainerItemProxy;
			containerPortal = D1CCD5FA21A22E6D00E056AC /* SQLite.xcodeproj */;
			proxyType = 2;
			remoteGlobalIDString = 03A65E5A1C6BB0F50062603F;
			remoteInfo = "SQLite tvOS";
		};
		D1CCD63821A22E6D00E056AC /* PBXContainerItemProxy */ = {
			isa = PBXContainerItemProxy;
			containerPortal = D1CCD5FA21A22E6D00E056AC /* SQLite.xcodeproj */;
			proxyType = 2;
			remoteGlobalIDString = 03A65E631C6BB0F60062603F;
			remoteInfo = "SQLiteTests tvOS";
		};
		D1CCD63A21A22E6D00E056AC /* PBXContainerItemProxy */ = {
			isa = PBXContainerItemProxy;
			containerPortal = D1CCD5FA21A22E6D00E056AC /* SQLite.xcodeproj */;
			proxyType = 2;
			remoteGlobalIDString = A121AC451CA35C79005A31D1;
			remoteInfo = "SQLite watchOS";
		};
		D1CCD63E21A22E7D00E056AC /* PBXContainerItemProxy */ = {
			isa = PBXContainerItemProxy;
			containerPortal = D1CCD5FA21A22E6D00E056AC /* SQLite.xcodeproj */;
			proxyType = 1;
			remoteGlobalIDString = EE247AD21C3F04ED00AE3E12;
			remoteInfo = "SQLite iOS";
		};
/* End PBXContainerItemProxy section */

/* Begin PBXCopyFilesBuildPhase section */
		D18DBA62219FA04800416522 /* Embed Frameworks */ = {
			isa = PBXCopyFilesBuildPhase;
			buildActionMask = 2147483647;
			dstPath = "";
			dstSubfolderSpec = 10;
			files = (
				D1CCD63D21A22E7D00E056AC /* SQLite.framework in Embed Frameworks */,
			);
			name = "Embed Frameworks";
			runOnlyForDeploymentPostprocessing = 0;
		};
/* End PBXCopyFilesBuildPhase section */

/* Begin PBXFileReference section */
		D102ED46219CBEDD000D2E55 /* WalkAbout.app */ = {isa = PBXFileReference; explicitFileType = wrapper.application; includeInIndex = 0; path = WalkAbout.app; sourceTree = BUILT_PRODUCTS_DIR; };
		D102ED49219CBEDD000D2E55 /* AppDelegate.swift */ = {isa = PBXFileReference; lastKnownFileType = sourcecode.swift; path = AppDelegate.swift; sourceTree = "<group>"; };
		D102ED4B219CBEDD000D2E55 /* SessionsViewController.swift */ = {isa = PBXFileReference; lastKnownFileType = sourcecode.swift; path = SessionsViewController.swift; sourceTree = "<group>"; };
		D102ED4D219CBEDD000D2E55 /* DetailViewController.swift */ = {isa = PBXFileReference; lastKnownFileType = sourcecode.swift; path = DetailViewController.swift; sourceTree = "<group>"; };
		D102ED50219CBEDD000D2E55 /* Base */ = {isa = PBXFileReference; lastKnownFileType = file.storyboard; name = Base; path = Base.lproj/Main.storyboard; sourceTree = "<group>"; };
		D102ED52219CBEDD000D2E55 /* Assets.xcassets */ = {isa = PBXFileReference; lastKnownFileType = folder.assetcatalog; path = Assets.xcassets; sourceTree = "<group>"; };
		D102ED55219CBEDD000D2E55 /* Base */ = {isa = PBXFileReference; lastKnownFileType = file.storyboard; name = Base; path = Base.lproj/LaunchScreen.storyboard; sourceTree = "<group>"; };
		D102ED57219CBEDD000D2E55 /* Info.plist */ = {isa = PBXFileReference; lastKnownFileType = text.plist.xml; path = Info.plist; sourceTree = "<group>"; };
		D102ED5C219CBEDE000D2E55 /* WalkAboutTests.xctest */ = {isa = PBXFileReference; explicitFileType = wrapper.cfbundle; includeInIndex = 0; path = WalkAboutTests.xctest; sourceTree = BUILT_PRODUCTS_DIR; };
		D102ED60219CBEDE000D2E55 /* WalkAboutTests.swift */ = {isa = PBXFileReference; lastKnownFileType = sourcecode.swift; path = WalkAboutTests.swift; sourceTree = "<group>"; };
		D102ED62219CBEDE000D2E55 /* Info.plist */ = {isa = PBXFileReference; lastKnownFileType = text.plist.xml; path = Info.plist; sourceTree = "<group>"; };
		D102ED6B219CCF23000D2E55 /* DataModel.swift */ = {isa = PBXFileReference; lastKnownFileType = sourcecode.swift; path = DataModel.swift; sourceTree = "<group>"; };
		D102ED6D219CD19A000D2E55 /* Constants.swift */ = {isa = PBXFileReference; lastKnownFileType = sourcecode.swift; path = Constants.swift; sourceTree = "<group>"; };
		D102ED6F219CD340000D2E55 /* DataStore.swift */ = {isa = PBXFileReference; lastKnownFileType = sourcecode.swift; path = DataStore.swift; sourceTree = "<group>"; };
		D102ED72219CD753000D2E55 /* libsqlite3.tbd */ = {isa = PBXFileReference; lastKnownFileType = "sourcecode.text-based-dylib-definition"; name = libsqlite3.tbd; path = usr/lib/libsqlite3.tbd; sourceTree = SDKROOT; };
		D1091D9A219E234A00949099 /* AcceleroMeter.swift */ = {isa = PBXFileReference; lastKnownFileType = sourcecode.swift; path = AcceleroMeter.swift; sourceTree = "<group>"; };
		D120D88921A0633400F477A5 /* Settings.bundle */ = {isa = PBXFileReference; lastKnownFileType = "wrapper.plug-in"; path = Settings.bundle; sourceTree = "<group>"; };
		D120D89121A0666400F477A5 /* NetworkClient.swift */ = {isa = PBXFileReference; fileEncoding = 4; lastKnownFileType = sourcecode.swift; path = NetworkClient.swift; sourceTree = "<group>"; };
		D120D89321A06E1100F477A5 /* DeviceInfo.swift */ = {isa = PBXFileReference; lastKnownFileType = sourcecode.swift; path = DeviceInfo.swift; sourceTree = "<group>"; };
		D1CCD5C621A22E6C00E056AC /* Planning.md */ = {isa = PBXFileReference; lastKnownFileType = net.daringfireball.markdown; path = Planning.md; sourceTree = "<group>"; };
		D1CCD5C821A22E6C00E056AC /* installation@2x.png */ = {isa = PBXFileReference; lastKnownFileType = image.png; path = "installation@2x.png"; sourceTree = "<group>"; };
		D1CCD5C921A22E6C00E056AC /* playground@2x.png */ = {isa = PBXFileReference; lastKnownFileType = image.png; path = "playground@2x.png"; sourceTree = "<group>"; };
		D1CCD5CA21A22E6C00E056AC /* Index.md */ = {isa = PBXFileReference; lastKnownFileType = net.daringfireball.markdown; path = Index.md; sourceTree = "<group>"; };
		D1CCD5CB21A22E6C00E056AC /* .swift-version */ = {isa = PBXFileReference; lastKnownFileType = text; path = ".swift-version"; sourceTree = "<group>"; };
		D1CCD5CC21A22E6C00E056AC /* SQLite.swift.podspec */ = {isa = PBXFileReference; lastKnownFileType = text; path = SQLite.swift.podspec; sourceTree = "<group>"; };
		D1CCD5CD21A22E6C00E056AC /* .cocoadocs.yml */ = {isa = PBXFileReference; lastKnownFileType = text; path = .cocoadocs.yml; sourceTree = "<group>"; };
		D1CCD5CE21A22E6C00E056AC /* run-tests.sh */ = {isa = PBXFileReference; lastKnownFileType = text.script.sh; path = "run-tests.sh"; sourceTree = "<group>"; };
		D1CCD5CF21A22E6C00E056AC /* CHANGELOG.md */ = {isa = PBXFileReference; lastKnownFileType = net.daringfireball.markdown; path = CHANGELOG.md; sourceTree = "<group>"; };
		D1CCD5D021A22E6C00E056AC /* Makefile */ = {isa = PBXFileReference; lastKnownFileType = sourcecode.make; path = Makefile; sourceTree = "<group>"; };
		D1CCD5D321A22E6C00E056AC /* CustomFunctionsTests.swift */ = {isa = PBXFileReference; lastKnownFileType = sourcecode.swift; path = CustomFunctionsTests.swift; sourceTree = "<group>"; };
		D1CCD5D421A22E6C00E056AC /* BlobTests.swift */ = {isa = PBXFileReference; lastKnownFileType = sourcecode.swift; path = BlobTests.swift; sourceTree = "<group>"; };
		D1CCD5D521A22E6C00E056AC /* DateAndTimeFunctionTests.swift */ = {isa = PBXFileReference; lastKnownFileType = sourcecode.swift; path = DateAndTimeFunctionTests.swift; sourceTree = "<group>"; };
		D1CCD5D621A22E6C00E056AC /* StatementTests.swift */ = {isa = PBXFileReference; lastKnownFileType = sourcecode.swift; path = StatementTests.swift; sourceTree = "<group>"; };
		D1CCD5D721A22E6C00E056AC /* QueryTests.swift */ = {isa = PBXFileReference; lastKnownFileType = sourcecode.swift; path = QueryTests.swift; sourceTree = "<group>"; };
		D1CCD5D821A22E6C00E056AC /* FTS4Tests.swift */ = {isa = PBXFileReference; lastKnownFileType = sourcecode.swift; path = FTS4Tests.swift; sourceTree = "<group>"; };
		D1CCD5D921A22E6C00E056AC /* CoreFunctionsTests.swift */ = {isa = PBXFileReference; lastKnownFileType = sourcecode.swift; path = CoreFunctionsTests.swift; sourceTree = "<group>"; };
		D1CCD5DA21A22E6C00E056AC /* RowTests.swift */ = {isa = PBXFileReference; lastKnownFileType = sourcecode.swift; path = RowTests.swift; sourceTree = "<group>"; };
		D1CCD5DB21A22E6C00E056AC /* SetterTests.swift */ = {isa = PBXFileReference; lastKnownFileType = sourcecode.swift; path = SetterTests.swift; sourceTree = "<group>"; };
		D1CCD5DC21A22E6C00E056AC /* ConnectionTests.swift */ = {isa = PBXFileReference; lastKnownFileType = sourcecode.swift; path = ConnectionTests.swift; sourceTree = "<group>"; };
		D1CCD5DD21A22E6C00E056AC /* ValueTests.swift */ = {isa = PBXFileReference; lastKnownFileType = sourcecode.swift; path = ValueTests.swift; sourceTree = "<group>"; };
		D1CCD5DE21A22E6C00E056AC /* AggregateFunctionsTests.swift */ = {isa = PBXFileReference; lastKnownFileType = sourcecode.swift; path = AggregateFunctionsTests.swift; sourceTree = "<group>"; };
		D1CCD5DF21A22E6C00E056AC /* FoundationTests.swift */ = {isa = PBXFileReference; lastKnownFileType = sourcecode.swift; path = FoundationTests.swift; sourceTree = "<group>"; };
		D1CCD5E021A22E6C00E056AC /* RTreeTests.swift */ = {isa = PBXFileReference; lastKnownFileType = sourcecode.swift; path = RTreeTests.swift; sourceTree = "<group>"; };
		D1CCD5E221A22E6C00E056AC /* encrypted.sqlite */ = {isa = PBXFileReference; lastKnownFileType = file; path = encrypted.sqlite; sourceTree = "<group>"; };
		D1CCD5E321A22E6C00E056AC /* TestHelpers.swift */ = {isa = PBXFileReference; lastKnownFileType = sourcecode.swift; path = TestHelpers.swift; sourceTree = "<group>"; };
		D1CCD5E421A22E6C00E056AC /* FTS5Tests.swift */ = {isa = PBXFileReference; lastKnownFileType = sourcecode.swift; path = FTS5Tests.swift; sourceTree = "<group>"; };
		D1CCD5E521A22E6C00E056AC /* OperatorsTests.swift */ = {isa = PBXFileReference; lastKnownFileType = sourcecode.swift; path = OperatorsTests.swift; sourceTree = "<group>"; };
		D1CCD5E621A22E6C00E056AC /* CipherTests.swift */ = {isa = PBXFileReference; lastKnownFileType = sourcecode.swift; path = CipherTests.swift; sourceTree = "<group>"; };
		D1CCD5E721A22E6C00E056AC /* Info.plist */ = {isa = PBXFileReference; lastKnownFileType = text.plist.xml; path = Info.plist; sourceTree = "<group>"; };
		D1CCD5E821A22E6C00E056AC /* Fixtures.swift */ = {isa = PBXFileReference; lastKnownFileType = sourcecode.swift; path = Fixtures.swift; sourceTree = "<group>"; };
		D1CCD5E921A22E6C00E056AC /* ExpressionTests.swift */ = {isa = PBXFileReference; lastKnownFileType = sourcecode.swift; path = ExpressionTests.swift; sourceTree = "<group>"; };
		D1CCD5EA21A22E6C00E056AC /* SchemaTests.swift */ = {isa = PBXFileReference; lastKnownFileType = sourcecode.swift; path = SchemaTests.swift; sourceTree = "<group>"; };
		D1CCD5EB21A22E6C00E056AC /* LinuxMain.swift */ = {isa = PBXFileReference; lastKnownFileType = sourcecode.swift; path = LinuxMain.swift; sourceTree = "<group>"; };
		D1CCD5ED21A22E6D00E056AC /* Makefile */ = {isa = PBXFileReference; lastKnownFileType = sourcecode.make; path = Makefile; sourceTree = "<group>"; };
		D1CCD5EE21A22E6D00E056AC /* .gitignore */ = {isa = PBXFileReference; lastKnownFileType = text; path = .gitignore; sourceTree = "<group>"; };
		D1CCD5F021A22E6D00E056AC /* integration_test.rb */ = {isa = PBXFileReference; lastKnownFileType = text.script.ruby; path = integration_test.rb; sourceTree = "<group>"; };
		D1CCD5F121A22E6D00E056AC /* Makefile */ = {isa = PBXFileReference; lastKnownFileType = sourcecode.make; path = Makefile; sourceTree = "<group>"; };
		D1CCD5F221A22E6D00E056AC /* .gitignore */ = {isa = PBXFileReference; lastKnownFileType = text; path = .gitignore; sourceTree = "<group>"; };
		D1CCD5F321A22E6D00E056AC /* Gemfile */ = {isa = PBXFileReference; lastKnownFileType = text; path = Gemfile; sourceTree = "<group>"; };
		D1CCD5F421A22E6D00E056AC /* Gemfile.lock */ = {isa = PBXFileReference; lastKnownFileType = text; path = Gemfile.lock; sourceTree = "<group>"; };
		D1CCD5F521A22E6D00E056AC /* SQLite.swift-master.xcodeproj */ = {isa = PBXFileReference; lastKnownFileType = "wrapper.pb-project"; path = "SQLite.swift-master.xcodeproj"; sourceTree = "<group>"; };
		D1CCD5F821A22E6D00E056AC /* SQLite.playground */ = {isa = PBXFileReference; lastKnownFileType = file.playground; path = SQLite.playground; sourceTree = "<group>"; };
		D1CCD5F921A22E6D00E056AC /* README.md */ = {isa = PBXFileReference; lastKnownFileType = net.daringfireball.markdown; path = README.md; sourceTree = "<group>"; };
		D1CCD5FA21A22E6D00E056AC /* SQLite.xcodeproj */ = {isa = PBXFileReference; lastKnownFileType = "wrapper.pb-project"; path = SQLite.xcodeproj; sourceTree = "<group>"; };
		D1CCD5FD21A22E6D00E056AC /* .gitignore */ = {isa = PBXFileReference; lastKnownFileType = text; path = .gitignore; sourceTree = "<group>"; };
		D1CCD5FE21A22E6D00E056AC /* CONTRIBUTING.md */ = {isa = PBXFileReference; lastKnownFileType = net.daringfireball.markdown; path = CONTRIBUTING.md; sourceTree = "<group>"; };
		D1CCD60021A22E6D00E056AC /* ISSUE_TEMPLATE.md */ = {isa = PBXFileReference; lastKnownFileType = net.daringfireball.markdown; path = ISSUE_TEMPLATE.md; sourceTree = "<group>"; };
		D1CCD60121A22E6D00E056AC /* Package.swift */ = {isa = PBXFileReference; lastKnownFileType = sourcecode.swift; path = Package.swift; sourceTree = "<group>"; };
		D1CCD60521A22E6D00E056AC /* SQLite-Bridging.h */ = {isa = PBXFileReference; lastKnownFileType = sourcecode.c.h; path = "SQLite-Bridging.h"; sourceTree = "<group>"; };
		D1CCD60621A22E6D00E056AC /* SQLite-Bridging.m */ = {isa = PBXFileReference; lastKnownFileType = sourcecode.c.objc; path = "SQLite-Bridging.m"; sourceTree = "<group>"; };
		D1CCD60721A22E6D00E056AC /* fts3_tokenizer.h */ = {isa = PBXFileReference; lastKnownFileType = sourcecode.c.h; path = fts3_tokenizer.h; sourceTree = "<group>"; };
		D1CCD60A21A22E6D00E056AC /* Connection.swift */ = {isa = PBXFileReference; lastKnownFileType = sourcecode.swift; path = Connection.swift; sourceTree = "<group>"; };
		D1CCD60B21A22E6D00E056AC /* Blob.swift */ = {isa = PBXFileReference; lastKnownFileType = sourcecode.swift; path = Blob.swift; sourceTree = "<group>"; };
		D1CCD60C21A22E6D00E056AC /* Errors.swift */ = {isa = PBXFileReference; lastKnownFileType = sourcecode.swift; path = Errors.swift; sourceTree = "<group>"; };
		D1CCD60D21A22E6D00E056AC /* Statement.swift */ = {isa = PBXFileReference; lastKnownFileType = sourcecode.swift; path = Statement.swift; sourceTree = "<group>"; };
		D1CCD60E21A22E6D00E056AC /* Value.swift */ = {isa = PBXFileReference; lastKnownFileType = sourcecode.swift; path = Value.swift; sourceTree = "<group>"; };
		D1CCD60F21A22E6D00E056AC /* Helpers.swift */ = {isa = PBXFileReference; lastKnownFileType = sourcecode.swift; path = Helpers.swift; sourceTree = "<group>"; };
		D1CCD61121A22E6D00E056AC /* Cipher.swift */ = {isa = PBXFileReference; lastKnownFileType = sourcecode.swift; path = Cipher.swift; sourceTree = "<group>"; };
		D1CCD61221A22E6D00E056AC /* RTree.swift */ = {isa = PBXFileReference; lastKnownFileType = sourcecode.swift; path = RTree.swift; sourceTree = "<group>"; };
		D1CCD61321A22E6D00E056AC /* FTS4.swift */ = {isa = PBXFileReference; lastKnownFileType = sourcecode.swift; path = FTS4.swift; sourceTree = "<group>"; };
		D1CCD61421A22E6D00E056AC /* FTS5.swift */ = {isa = PBXFileReference; lastKnownFileType = sourcecode.swift; path = FTS5.swift; sourceTree = "<group>"; };
		D1CCD61521A22E6D00E056AC /* Foundation.swift */ = {isa = PBXFileReference; lastKnownFileType = sourcecode.swift; path = Foundation.swift; sourceTree = "<group>"; };
		D1CCD61621A22E6D00E056AC /* SQLite.h */ = {isa = PBXFileReference; lastKnownFileType = sourcecode.c.h; path = SQLite.h; sourceTree = "<group>"; };
		D1CCD61821A22E6D00E056AC /* Query.swift */ = {isa = PBXFileReference; lastKnownFileType = sourcecode.swift; path = Query.swift; sourceTree = "<group>"; };
		D1CCD61921A22E6D00E056AC /* Coding.swift */ = {isa = PBXFileReference; lastKnownFileType = sourcecode.swift; path = Coding.swift; sourceTree = "<group>"; };
		D1CCD61A21A22E6D00E056AC /* Expression.swift */ = {isa = PBXFileReference; lastKnownFileType = sourcecode.swift; path = Expression.swift; sourceTree = "<group>"; };
		D1CCD61B21A22E6D00E056AC /* CoreFunctions.swift */ = {isa = PBXFileReference; lastKnownFileType = sourcecode.swift; path = CoreFunctions.swift; sourceTree = "<group>"; };
		D1CCD61C21A22E6D00E056AC /* Collation.swift */ = {isa = PBXFileReference; lastKnownFileType = sourcecode.swift; path = Collation.swift; sourceTree = "<group>"; };
		D1CCD61D21A22E6D00E056AC /* CustomFunctions.swift */ = {isa = PBXFileReference; lastKnownFileType = sourcecode.swift; path = CustomFunctions.swift; sourceTree = "<group>"; };
		D1CCD61E21A22E6D00E056AC /* DateAndTimeFunctions.swift */ = {isa = PBXFileReference; lastKnownFileType = sourcecode.swift; path = DateAndTimeFunctions.swift; sourceTree = "<group>"; };
		D1CCD61F21A22E6D00E056AC /* Setter.swift */ = {isa = PBXFileReference; lastKnownFileType = sourcecode.swift; path = Setter.swift; sourceTree = "<group>"; };
		D1CCD62021A22E6D00E056AC /* Operators.swift */ = {isa = PBXFileReference; lastKnownFileType = sourcecode.swift; path = Operators.swift; sourceTree = "<group>"; };
		D1CCD62121A22E6D00E056AC /* Schema.swift */ = {isa = PBXFileReference; lastKnownFileType = sourcecode.swift; path = Schema.swift; sourceTree = "<group>"; };
		D1CCD62221A22E6D00E056AC /* AggregateFunctions.swift */ = {isa = PBXFileReference; lastKnownFileType = sourcecode.swift; path = AggregateFunctions.swift; sourceTree = "<group>"; };
		D1CCD62321A22E6D00E056AC /* Info.plist */ = {isa = PBXFileReference; lastKnownFileType = text.plist.xml; path = Info.plist; sourceTree = "<group>"; };
		D1CCD62421A22E6D00E056AC /* LICENSE.txt */ = {isa = PBXFileReference; lastKnownFileType = text; path = LICENSE.txt; sourceTree = "<group>"; };
		D1CCD62521A22E6D00E056AC /* .travis.yml */ = {isa = PBXFileReference; lastKnownFileType = text; path = .travis.yml; sourceTree = "<group>"; };
/* End PBXFileReference section */

/* Begin PBXFrameworksBuildPhase section */
		D102ED43219CBEDD000D2E55 /* Frameworks */ = {
			isa = PBXFrameworksBuildPhase;
			buildActionMask = 2147483647;
			files = (
				D1CCD63C21A22E7D00E056AC /* SQLite.framework in Frameworks */,
				D120D89521A0DAC700F477A5 /* libsqlite3.tbd in Frameworks */,
			);
			runOnlyForDeploymentPostprocessing = 0;
		};
		D102ED59219CBEDE000D2E55 /* Frameworks */ = {
			isa = PBXFrameworksBuildPhase;
			buildActionMask = 2147483647;
			files = (
			);
			runOnlyForDeploymentPostprocessing = 0;
		};
/* End PBXFrameworksBuildPhase section */

/* Begin PBXGroup section */
		D102ED3D219CBEDD000D2E55 = {
			isa = PBXGroup;
			children = (
				D102ED48219CBEDD000D2E55 /* WalkAbout */,
				D102ED5F219CBEDE000D2E55 /* WalkAboutTests */,
				D102ED47219CBEDD000D2E55 /* Products */,
				D1CCD5C421A22E6C00E056AC /* SQLite.swift-master */,
				D102ED71219CD753000D2E55 /* Frameworks */,
			);
			sourceTree = "<group>";
		};
		D102ED47219CBEDD000D2E55 /* Products */ = {
			isa = PBXGroup;
			children = (
				D102ED46219CBEDD000D2E55 /* WalkAbout.app */,
				D102ED5C219CBEDE000D2E55 /* WalkAboutTests.xctest */,
			);
			name = Products;
			sourceTree = "<group>";
		};
		D102ED48219CBEDD000D2E55 /* WalkAbout */ = {
			isa = PBXGroup;
			children = (
				D120D88921A0633400F477A5 /* Settings.bundle */,
				D1CCD58F21A22D8700E056AC /* Data */,
				D1CCD59121A22DB700E056AC /* Utilities */,
				D102ED49219CBEDD000D2E55 /* AppDelegate.swift */,
				D1CCD59021A22DA100E056AC /* ViewControllers */,
				D102ED4F219CBEDD000D2E55 /* Main.storyboard */,
				D102ED52219CBEDD000D2E55 /* Assets.xcassets */,
				D102ED54219CBEDD000D2E55 /* LaunchScreen.storyboard */,
				D102ED57219CBEDD000D2E55 /* Info.plist */,
			);
			path = WalkAbout;
			sourceTree = "<group>";
		};
		D102ED5F219CBEDE000D2E55 /* WalkAboutTests */ = {
			isa = PBXGroup;
			children = (
				D102ED60219CBEDE000D2E55 /* WalkAboutTests.swift */,
				D102ED62219CBEDE000D2E55 /* Info.plist */,
			);
			path = WalkAboutTests;
			sourceTree = "<group>";
		};
		D102ED71219CD753000D2E55 /* Frameworks */ = {
			isa = PBXGroup;
			children = (
				D102ED72219CD753000D2E55 /* libsqlite3.tbd */,
			);
			name = Frameworks;
			sourceTree = "<group>";
		};
		D1CCD58F21A22D8700E056AC /* Data */ = {
			isa = PBXGroup;
			children = (
				D102ED6D219CD19A000D2E55 /* Constants.swift */,
				D102ED6B219CCF23000D2E55 /* DataModel.swift */,
				D102ED6F219CD340000D2E55 /* DataStore.swift */,
			);
			path = Data;
			sourceTree = "<group>";
		};
		D1CCD59021A22DA100E056AC /* ViewControllers */ = {
			isa = PBXGroup;
			children = (
				D102ED4B219CBEDD000D2E55 /* SessionsViewController.swift */,
				D102ED4D219CBEDD000D2E55 /* DetailViewController.swift */,
			);
			path = ViewControllers;
			sourceTree = "<group>";
		};
		D1CCD59121A22DB700E056AC /* Utilities */ = {
			isa = PBXGroup;
			children = (
				D120D89121A0666400F477A5 /* NetworkClient.swift */,
				D120D89321A06E1100F477A5 /* DeviceInfo.swift */,
				D1091D9A219E234A00949099 /* AcceleroMeter.swift */,
			);
			path = Utilities;
			sourceTree = "<group>";
		};
		D1CCD5C421A22E6C00E056AC /* SQLite.swift-master */ = {
			isa = PBXGroup;
			children = (
				D1CCD5C521A22E6C00E056AC /* Documentation */,
				D1CCD5CB21A22E6C00E056AC /* .swift-version */,
				D1CCD5CC21A22E6C00E056AC /* SQLite.swift.podspec */,
				D1CCD5CD21A22E6C00E056AC /* .cocoadocs.yml */,
				D1CCD5CE21A22E6C00E056AC /* run-tests.sh */,
				D1CCD5CF21A22E6C00E056AC /* CHANGELOG.md */,
				D1CCD5D021A22E6C00E056AC /* Makefile */,
				D1CCD5D121A22E6C00E056AC /* Tests */,
				D1CCD5F521A22E6D00E056AC /* SQLite.swift-master.xcodeproj */,
				D1CCD5F821A22E6D00E056AC /* SQLite.playground */,
				D1CCD5F921A22E6D00E056AC /* README.md */,
				D1CCD5FA21A22E6D00E056AC /* SQLite.xcodeproj */,
				D1CCD5FD21A22E6D00E056AC /* .gitignore */,
				D1CCD5FE21A22E6D00E056AC /* CONTRIBUTING.md */,
				D1CCD5FF21A22E6D00E056AC /* .github */,
				D1CCD60121A22E6D00E056AC /* Package.swift */,
				D1CCD60221A22E6D00E056AC /* Sources */,
				D1CCD62421A22E6D00E056AC /* LICENSE.txt */,
				D1CCD62521A22E6D00E056AC /* .travis.yml */,
			);
			path = "SQLite.swift-master";
			sourceTree = "<group>";
		};
		D1CCD5C521A22E6C00E056AC /* Documentation */ = {
			isa = PBXGroup;
			children = (
				D1CCD5C621A22E6C00E056AC /* Planning.md */,
				D1CCD5C721A22E6C00E056AC /* Resources */,
				D1CCD5CA21A22E6C00E056AC /* Index.md */,
			);
			path = Documentation;
			sourceTree = "<group>";
		};
		D1CCD5C721A22E6C00E056AC /* Resources */ = {
			isa = PBXGroup;
			children = (
				D1CCD5C821A22E6C00E056AC /* installation@2x.png */,
				D1CCD5C921A22E6C00E056AC /* playground@2x.png */,
			);
			path = Resources;
			sourceTree = "<group>";
		};
		D1CCD5D121A22E6C00E056AC /* Tests */ = {
			isa = PBXGroup;
			children = (
				D1CCD5D221A22E6C00E056AC /* SQLiteTests */,
				D1CCD5EB21A22E6C00E056AC /* LinuxMain.swift */,
				D1CCD5EC21A22E6C00E056AC /* Carthage */,
				D1CCD5EF21A22E6D00E056AC /* CocoaPods */,
			);
			path = Tests;
			sourceTree = "<group>";
		};
		D1CCD5D221A22E6C00E056AC /* SQLiteTests */ = {
			isa = PBXGroup;
			children = (
				D1CCD5D321A22E6C00E056AC /* CustomFunctionsTests.swift */,
				D1CCD5D421A22E6C00E056AC /* BlobTests.swift */,
				D1CCD5D521A22E6C00E056AC /* DateAndTimeFunctionTests.swift */,
				D1CCD5D621A22E6C00E056AC /* StatementTests.swift */,
				D1CCD5D721A22E6C00E056AC /* QueryTests.swift */,
				D1CCD5D821A22E6C00E056AC /* FTS4Tests.swift */,
				D1CCD5D921A22E6C00E056AC /* CoreFunctionsTests.swift */,
				D1CCD5DA21A22E6C00E056AC /* RowTests.swift */,
				D1CCD5DB21A22E6C00E056AC /* SetterTests.swift */,
				D1CCD5DC21A22E6C00E056AC /* ConnectionTests.swift */,
				D1CCD5DD21A22E6C00E056AC /* ValueTests.swift */,
				D1CCD5DE21A22E6C00E056AC /* AggregateFunctionsTests.swift */,
				D1CCD5DF21A22E6C00E056AC /* FoundationTests.swift */,
				D1CCD5E021A22E6C00E056AC /* RTreeTests.swift */,
				D1CCD5E121A22E6C00E056AC /* fixtures */,
				D1CCD5E321A22E6C00E056AC /* TestHelpers.swift */,
				D1CCD5E421A22E6C00E056AC /* FTS5Tests.swift */,
				D1CCD5E521A22E6C00E056AC /* OperatorsTests.swift */,
				D1CCD5E621A22E6C00E056AC /* CipherTests.swift */,
				D1CCD5E721A22E6C00E056AC /* Info.plist */,
				D1CCD5E821A22E6C00E056AC /* Fixtures.swift */,
				D1CCD5E921A22E6C00E056AC /* ExpressionTests.swift */,
				D1CCD5EA21A22E6C00E056AC /* SchemaTests.swift */,
			);
			path = SQLiteTests;
			sourceTree = "<group>";
		};
		D1CCD5E121A22E6C00E056AC /* fixtures */ = {
			isa = PBXGroup;
			children = (
				D1CCD5E221A22E6C00E056AC /* encrypted.sqlite */,
			);
			path = fixtures;
			sourceTree = "<group>";
		};
		D1CCD5EC21A22E6C00E056AC /* Carthage */ = {
			isa = PBXGroup;
			children = (
				D1CCD5ED21A22E6D00E056AC /* Makefile */,
				D1CCD5EE21A22E6D00E056AC /* .gitignore */,
			);
			path = Carthage;
			sourceTree = "<group>";
		};
		D1CCD5EF21A22E6D00E056AC /* CocoaPods */ = {
			isa = PBXGroup;
			children = (
				D1CCD5F021A22E6D00E056AC /* integration_test.rb */,
				D1CCD5F121A22E6D00E056AC /* Makefile */,
				D1CCD5F221A22E6D00E056AC /* .gitignore */,
				D1CCD5F321A22E6D00E056AC /* Gemfile */,
				D1CCD5F421A22E6D00E056AC /* Gemfile.lock */,
			);
			path = CocoaPods;
			sourceTree = "<group>";
		};
		D1CCD5F621A22E6D00E056AC /* Products */ = {
			isa = PBXGroup;
			children = (
			);
			name = Products;
			sourceTree = "<group>";
		};
		D1CCD5FB21A22E6D00E056AC /* Products */ = {
			isa = PBXGroup;
			children = (
				D1CCD62F21A22E6D00E056AC /* SQLite.framework */,
				D1CCD63121A22E6D00E056AC /* SQLiteTests iOS.xctest */,
				D1CCD63321A22E6D00E056AC /* SQLite.framework */,
				D1CCD63521A22E6D00E056AC /* SQLiteTests Mac.xctest */,
				D1CCD63721A22E6D00E056AC /* SQLite.framework */,
				D1CCD63921A22E6D00E056AC /* SQLiteTests tvOS.xctest */,
				D1CCD63B21A22E6D00E056AC /* SQLite.framework */,
			);
			name = Products;
			sourceTree = "<group>";
		};
		D1CCD5FF21A22E6D00E056AC /* .github */ = {
			isa = PBXGroup;
			children = (
				D1CCD60021A22E6D00E056AC /* ISSUE_TEMPLATE.md */,
			);
			path = .github;
			sourceTree = "<group>";
		};
		D1CCD60221A22E6D00E056AC /* Sources */ = {
			isa = PBXGroup;
			children = (
				D1CCD60321A22E6D00E056AC /* SQLiteObjc */,
				D1CCD60821A22E6D00E056AC /* SQLite */,
			);
			path = Sources;
			sourceTree = "<group>";
		};
		D1CCD60321A22E6D00E056AC /* SQLiteObjc */ = {
			isa = PBXGroup;
			children = (
				D1CCD60421A22E6D00E056AC /* include */,
				D1CCD60621A22E6D00E056AC /* SQLite-Bridging.m */,
				D1CCD60721A22E6D00E056AC /* fts3_tokenizer.h */,
			);
			path = SQLiteObjc;
			sourceTree = "<group>";
		};
		D1CCD60421A22E6D00E056AC /* include */ = {
			isa = PBXGroup;
			children = (
				D1CCD60521A22E6D00E056AC /* SQLite-Bridging.h */,
			);
			path = include;
			sourceTree = "<group>";
		};
		D1CCD60821A22E6D00E056AC /* SQLite */ = {
			isa = PBXGroup;
			children = (
				D1CCD60921A22E6D00E056AC /* Core */,
				D1CCD60F21A22E6D00E056AC /* Helpers.swift */,
				D1CCD61021A22E6D00E056AC /* Extensions */,
				D1CCD61521A22E6D00E056AC /* Foundation.swift */,
				D1CCD61621A22E6D00E056AC /* SQLite.h */,
				D1CCD61721A22E6D00E056AC /* Typed */,
				D1CCD62321A22E6D00E056AC /* Info.plist */,
			);
			path = SQLite;
			sourceTree = "<group>";
		};
		D1CCD60921A22E6D00E056AC /* Core */ = {
			isa = PBXGroup;
			children = (
				D1CCD60A21A22E6D00E056AC /* Connection.swift */,
				D1CCD60B21A22E6D00E056AC /* Blob.swift */,
				D1CCD60C21A22E6D00E056AC /* Errors.swift */,
				D1CCD60D21A22E6D00E056AC /* Statement.swift */,
				D1CCD60E21A22E6D00E056AC /* Value.swift */,
			);
			path = Core;
			sourceTree = "<group>";
		};
		D1CCD61021A22E6D00E056AC /* Extensions */ = {
			isa = PBXGroup;
			children = (
				D1CCD61121A22E6D00E056AC /* Cipher.swift */,
				D1CCD61221A22E6D00E056AC /* RTree.swift */,
				D1CCD61321A22E6D00E056AC /* FTS4.swift */,
				D1CCD61421A22E6D00E056AC /* FTS5.swift */,
			);
			path = Extensions;
			sourceTree = "<group>";
		};
		D1CCD61721A22E6D00E056AC /* Typed */ = {
			isa = PBXGroup;
			children = (
				D1CCD61821A22E6D00E056AC /* Query.swift */,
				D1CCD61921A22E6D00E056AC /* Coding.swift */,
				D1CCD61A21A22E6D00E056AC /* Expression.swift */,
				D1CCD61B21A22E6D00E056AC /* CoreFunctions.swift */,
				D1CCD61C21A22E6D00E056AC /* Collation.swift */,
				D1CCD61D21A22E6D00E056AC /* CustomFunctions.swift */,
				D1CCD61E21A22E6D00E056AC /* DateAndTimeFunctions.swift */,
				D1CCD61F21A22E6D00E056AC /* Setter.swift */,
				D1CCD62021A22E6D00E056AC /* Operators.swift */,
				D1CCD62121A22E6D00E056AC /* Schema.swift */,
				D1CCD62221A22E6D00E056AC /* AggregateFunctions.swift */,
			);
			path = Typed;
			sourceTree = "<group>";
		};
/* End PBXGroup section */

/* Begin PBXNativeTarget section */
		D102ED45219CBEDD000D2E55 /* WalkAbout */ = {
			isa = PBXNativeTarget;
			buildConfigurationList = D102ED65219CBEDE000D2E55 /* Build configuration list for PBXNativeTarget "WalkAbout" */;
			buildPhases = (
				D102ED42219CBEDD000D2E55 /* Sources */,
				D102ED43219CBEDD000D2E55 /* Frameworks */,
				D102ED44219CBEDD000D2E55 /* Resources */,
				D18DBA62219FA04800416522 /* Embed Frameworks */,
			);
			buildRules = (
			);
			dependencies = (
				D1CCD63F21A22E7D00E056AC /* PBXTargetDependency */,
			);
			name = WalkAbout;
			productName = WalkAbout;
			productReference = D102ED46219CBEDD000D2E55 /* WalkAbout.app */;
			productType = "com.apple.product-type.application";
		};
		D102ED5B219CBEDE000D2E55 /* WalkAboutTests */ = {
			isa = PBXNativeTarget;
			buildConfigurationList = D102ED68219CBEDE000D2E55 /* Build configuration list for PBXNativeTarget "WalkAboutTests" */;
			buildPhases = (
				D102ED58219CBEDE000D2E55 /* Sources */,
				D102ED59219CBEDE000D2E55 /* Frameworks */,
				D102ED5A219CBEDE000D2E55 /* Resources */,
			);
			buildRules = (
			);
			dependencies = (
				D102ED5E219CBEDE000D2E55 /* PBXTargetDependency */,
			);
			name = WalkAboutTests;
			productName = WalkAboutTests;
			productReference = D102ED5C219CBEDE000D2E55 /* WalkAboutTests.xctest */;
			productType = "com.apple.product-type.bundle.unit-test";
		};
/* End PBXNativeTarget section */

/* Begin PBXProject section */
		D102ED3E219CBEDD000D2E55 /* Project object */ = {
			isa = PBXProject;
			attributes = {
				LastSwiftUpdateCheck = 1010;
				LastUpgradeCheck = 1010;
				ORGANIZATIONNAME = "Hannes Sverrisson";
				TargetAttributes = {
					D102ED45219CBEDD000D2E55 = {
						CreatedOnToolsVersion = 10.1;
						SystemCapabilities = {
							com.apple.BackgroundModes = {
								enabled = 1;
							};
						};
					};
					D102ED5B219CBEDE000D2E55 = {
						CreatedOnToolsVersion = 10.1;
						TestTargetID = D102ED45219CBEDD000D2E55;
					};
				};
			};
			buildConfigurationList = D102ED41219CBEDD000D2E55 /* Build configuration list for PBXProject "WalkAbout" */;
			compatibilityVersion = "Xcode 9.3";
			developmentRegion = en;
			hasScannedForEncodings = 0;
			knownRegions = (
				en,
				Base,
			);
			mainGroup = D102ED3D219CBEDD000D2E55;
			productRefGroup = D102ED47219CBEDD000D2E55 /* Products */;
			projectDirPath = "";
			projectReferences = (
				{
					ProductGroup = D1CCD5F621A22E6D00E056AC /* Products */;
					ProjectRef = D1CCD5F521A22E6D00E056AC /* SQLite.swift-master.xcodeproj */;
				},
				{
					ProductGroup = D1CCD5FB21A22E6D00E056AC /* Products */;
					ProjectRef = D1CCD5FA21A22E6D00E056AC /* SQLite.xcodeproj */;
				},
			);
			projectRoot = "";
			targets = (
				D102ED45219CBEDD000D2E55 /* WalkAbout */,
				D102ED5B219CBEDE000D2E55 /* WalkAboutTests */,
			);
		};
/* End PBXProject section */

/* Begin PBXReferenceProxy section */
		D1CCD62F21A22E6D00E056AC /* SQLite.framework */ = {
			isa = PBXReferenceProxy;
			fileType = wrapper.framework;
			path = SQLite.framework;
			remoteRef = D1CCD62E21A22E6D00E056AC /* PBXContainerItemProxy */;
			sourceTree = BUILT_PRODUCTS_DIR;
		};
		D1CCD63121A22E6D00E056AC /* SQLiteTests iOS.xctest */ = {
			isa = PBXReferenceProxy;
			fileType = wrapper.cfbundle;
			path = "SQLiteTests iOS.xctest";
			remoteRef = D1CCD63021A22E6D00E056AC /* PBXContainerItemProxy */;
			sourceTree = BUILT_PRODUCTS_DIR;
		};
		D1CCD63321A22E6D00E056AC /* SQLite.framework */ = {
			isa = PBXReferenceProxy;
			fileType = wrapper.framework;
			path = SQLite.framework;
			remoteRef = D1CCD63221A22E6D00E056AC /* PBXContainerItemProxy */;
			sourceTree = BUILT_PRODUCTS_DIR;
		};
		D1CCD63521A22E6D00E056AC /* SQLiteTests Mac.xctest */ = {
			isa = PBXReferenceProxy;
			fileType = wrapper.cfbundle;
			path = "SQLiteTests Mac.xctest";
			remoteRef = D1CCD63421A22E6D00E056AC /* PBXContainerItemProxy */;
			sourceTree = BUILT_PRODUCTS_DIR;
		};
		D1CCD63721A22E6D00E056AC /* SQLite.framework */ = {
			isa = PBXReferenceProxy;
			fileType = wrapper.framework;
			path = SQLite.framework;
			remoteRef = D1CCD63621A22E6D00E056AC /* PBXContainerItemProxy */;
			sourceTree = BUILT_PRODUCTS_DIR;
		};
		D1CCD63921A22E6D00E056AC /* SQLiteTests tvOS.xctest */ = {
			isa = PBXReferenceProxy;
			fileType = wrapper.cfbundle;
			path = "SQLiteTests tvOS.xctest";
			remoteRef = D1CCD63821A22E6D00E056AC /* PBXContainerItemProxy */;
			sourceTree = BUILT_PRODUCTS_DIR;
		};
		D1CCD63B21A22E6D00E056AC /* SQLite.framework */ = {
			isa = PBXReferenceProxy;
			fileType = wrapper.framework;
			path = SQLite.framework;
			remoteRef = D1CCD63A21A22E6D00E056AC /* PBXContainerItemProxy */;
			sourceTree = BUILT_PRODUCTS_DIR;
		};
/* End PBXReferenceProxy section */

/* Begin PBXResourcesBuildPhase section */
		D102ED44219CBEDD000D2E55 /* Resources */ = {
			isa = PBXResourcesBuildPhase;
			buildActionMask = 2147483647;
			files = (
				D120D89021A0633400F477A5 /* Settings.bundle in Resources */,
				D102ED56219CBEDD000D2E55 /* LaunchScreen.storyboard in Resources */,
				D102ED53219CBEDD000D2E55 /* Assets.xcassets in Resources */,
				D102ED51219CBEDD000D2E55 /* Main.storyboard in Resources */,
			);
			runOnlyForDeploymentPostprocessing = 0;
		};
		D102ED5A219CBEDE000D2E55 /* Resources */ = {
			isa = PBXResourcesBuildPhase;
			buildActionMask = 2147483647;
			files = (
			);
			runOnlyForDeploymentPostprocessing = 0;
		};
/* End PBXResourcesBuildPhase section */

/* Begin PBXSourcesBuildPhase section */
		D102ED42219CBEDD000D2E55 /* Sources */ = {
			isa = PBXSourcesBuildPhase;
			buildActionMask = 2147483647;
			files = (
				D102ED6E219CD19A000D2E55 /* Constants.swift in Sources */,
				D1091D9B219E234A00949099 /* AcceleroMeter.swift in Sources */,
				D102ED70219CD340000D2E55 /* DataStore.swift in Sources */,
				D102ED4E219CBEDD000D2E55 /* DetailViewController.swift in Sources */,
				D102ED4C219CBEDD000D2E55 /* SessionsViewController.swift in Sources */,
				D102ED4A219CBEDD000D2E55 /* AppDelegate.swift in Sources */,
				D102ED6C219CCF23000D2E55 /* DataModel.swift in Sources */,
				D120D89421A06E1100F477A5 /* DeviceInfo.swift in Sources */,
				D120D89221A0666400F477A5 /* NetworkClient.swift in Sources */,
			);
			runOnlyForDeploymentPostprocessing = 0;
		};
		D102ED58219CBEDE000D2E55 /* Sources */ = {
			isa = PBXSourcesBuildPhase;
			buildActionMask = 2147483647;
			files = (
				D102ED61219CBEDE000D2E55 /* WalkAboutTests.swift in Sources */,
			);
			runOnlyForDeploymentPostprocessing = 0;
		};
/* End PBXSourcesBuildPhase section */

/* Begin PBXTargetDependency section */
		D102ED5E219CBEDE000D2E55 /* PBXTargetDependency */ = {
			isa = PBXTargetDependency;
			target = D102ED45219CBEDD000D2E55 /* WalkAbout */;
			targetProxy = D102ED5D219CBEDE000D2E55 /* PBXContainerItemProxy */;
		};
		D1CCD63F21A22E7D00E056AC /* PBXTargetDependency */ = {
			isa = PBXTargetDependency;
			name = "SQLite iOS";
			targetProxy = D1CCD63E21A22E7D00E056AC /* PBXContainerItemProxy */;
		};
/* End PBXTargetDependency section */

/* Begin PBXVariantGroup section */
		D102ED4F219CBEDD000D2E55 /* Main.storyboard */ = {
			isa = PBXVariantGroup;
			children = (
				D102ED50219CBEDD000D2E55 /* Base */,
			);
			name = Main.storyboard;
			sourceTree = "<group>";
		};
		D102ED54219CBEDD000D2E55 /* LaunchScreen.storyboard */ = {
			isa = PBXVariantGroup;
			children = (
				D102ED55219CBEDD000D2E55 /* Base */,
			);
			name = LaunchScreen.storyboard;
			sourceTree = "<group>";
		};
/* End PBXVariantGroup section */

/* Begin XCBuildConfiguration section */
		D102ED63219CBEDE000D2E55 /* Debug */ = {
			isa = XCBuildConfiguration;
			buildSettings = {
				ALWAYS_SEARCH_USER_PATHS = NO;
				CLANG_ANALYZER_NONNULL = YES;
				CLANG_ANALYZER_NUMBER_OBJECT_CONVERSION = YES_AGGRESSIVE;
				CLANG_CXX_LANGUAGE_STANDARD = "gnu++14";
				CLANG_CXX_LIBRARY = "libc++";
				CLANG_ENABLE_MODULES = YES;
				CLANG_ENABLE_OBJC_ARC = YES;
				CLANG_ENABLE_OBJC_WEAK = YES;
				CLANG_WARN_BLOCK_CAPTURE_AUTORELEASING = YES;
				CLANG_WARN_BOOL_CONVERSION = YES;
				CLANG_WARN_COMMA = YES;
				CLANG_WARN_CONSTANT_CONVERSION = YES;
				CLANG_WARN_DEPRECATED_OBJC_IMPLEMENTATIONS = YES;
				CLANG_WARN_DIRECT_OBJC_ISA_USAGE = YES_ERROR;
				CLANG_WARN_DOCUMENTATION_COMMENTS = YES;
				CLANG_WARN_EMPTY_BODY = YES;
				CLANG_WARN_ENUM_CONVERSION = YES;
				CLANG_WARN_INFINITE_RECURSION = YES;
				CLANG_WARN_INT_CONVERSION = YES;
				CLANG_WARN_NON_LITERAL_NULL_CONVERSION = YES;
				CLANG_WARN_OBJC_IMPLICIT_RETAIN_SELF = YES;
				CLANG_WARN_OBJC_LITERAL_CONVERSION = YES;
				CLANG_WARN_OBJC_ROOT_CLASS = YES_ERROR;
				CLANG_WARN_RANGE_LOOP_ANALYSIS = YES;
				CLANG_WARN_STRICT_PROTOTYPES = YES;
				CLANG_WARN_SUSPICIOUS_MOVE = YES;
				CLANG_WARN_UNGUARDED_AVAILABILITY = YES_AGGRESSIVE;
				CLANG_WARN_UNREACHABLE_CODE = YES;
				CLANG_WARN__DUPLICATE_METHOD_MATCH = YES;
				CODE_SIGN_IDENTITY = "iPhone Developer";
				COPY_PHASE_STRIP = NO;
				DEBUG_INFORMATION_FORMAT = dwarf;
				ENABLE_STRICT_OBJC_MSGSEND = YES;
				ENABLE_TESTABILITY = YES;
				GCC_C_LANGUAGE_STANDARD = gnu11;
				GCC_DYNAMIC_NO_PIC = NO;
				GCC_NO_COMMON_BLOCKS = YES;
				GCC_OPTIMIZATION_LEVEL = 0;
				GCC_PREPROCESSOR_DEFINITIONS = (
					"DEBUG=1",
					"$(inherited)",
				);
				GCC_WARN_64_TO_32_BIT_CONVERSION = YES;
				GCC_WARN_ABOUT_RETURN_TYPE = YES_ERROR;
				GCC_WARN_UNDECLARED_SELECTOR = YES;
				GCC_WARN_UNINITIALIZED_AUTOS = YES_AGGRESSIVE;
				GCC_WARN_UNUSED_FUNCTION = YES;
				GCC_WARN_UNUSED_VARIABLE = YES;
				IPHONEOS_DEPLOYMENT_TARGET = 12.1;
				MTL_ENABLE_DEBUG_INFO = INCLUDE_SOURCE;
				MTL_FAST_MATH = YES;
				ONLY_ACTIVE_ARCH = YES;
				SDKROOT = iphoneos;
				SWIFT_ACTIVE_COMPILATION_CONDITIONS = DEBUG;
				SWIFT_OPTIMIZATION_LEVEL = "-Onone";
			};
			name = Debug;
		};
		D102ED64219CBEDE000D2E55 /* Release */ = {
			isa = XCBuildConfiguration;
			buildSettings = {
				ALWAYS_SEARCH_USER_PATHS = NO;
				CLANG_ANALYZER_NONNULL = YES;
				CLANG_ANALYZER_NUMBER_OBJECT_CONVERSION = YES_AGGRESSIVE;
				CLANG_CXX_LANGUAGE_STANDARD = "gnu++14";
				CLANG_CXX_LIBRARY = "libc++";
				CLANG_ENABLE_MODULES = YES;
				CLANG_ENABLE_OBJC_ARC = YES;
				CLANG_ENABLE_OBJC_WEAK = YES;
				CLANG_WARN_BLOCK_CAPTURE_AUTORELEASING = YES;
				CLANG_WARN_BOOL_CONVERSION = YES;
				CLANG_WARN_COMMA = YES;
				CLANG_WARN_CONSTANT_CONVERSION = YES;
				CLANG_WARN_DEPRECATED_OBJC_IMPLEMENTATIONS = YES;
				CLANG_WARN_DIRECT_OBJC_ISA_USAGE = YES_ERROR;
				CLANG_WARN_DOCUMENTATION_COMMENTS = YES;
				CLANG_WARN_EMPTY_BODY = YES;
				CLANG_WARN_ENUM_CONVERSION = YES;
				CLANG_WARN_INFINITE_RECURSION = YES;
				CLANG_WARN_INT_CONVERSION = YES;
				CLANG_WARN_NON_LITERAL_NULL_CONVERSION = YES;
				CLANG_WARN_OBJC_IMPLICIT_RETAIN_SELF = YES;
				CLANG_WARN_OBJC_LITERAL_CONVERSION = YES;
				CLANG_WARN_OBJC_ROOT_CLASS = YES_ERROR;
				CLANG_WARN_RANGE_LOOP_ANALYSIS = YES;
				CLANG_WARN_STRICT_PROTOTYPES = YES;
				CLANG_WARN_SUSPICIOUS_MOVE = YES;
				CLANG_WARN_UNGUARDED_AVAILABILITY = YES_AGGRESSIVE;
				CLANG_WARN_UNREACHABLE_CODE = YES;
				CLANG_WARN__DUPLICATE_METHOD_MATCH = YES;
				CODE_SIGN_IDENTITY = "iPhone Developer";
				COPY_PHASE_STRIP = NO;
				DEBUG_INFORMATION_FORMAT = "dwarf-with-dsym";
				ENABLE_NS_ASSERTIONS = NO;
				ENABLE_STRICT_OBJC_MSGSEND = YES;
				GCC_C_LANGUAGE_STANDARD = gnu11;
				GCC_NO_COMMON_BLOCKS = YES;
				GCC_WARN_64_TO_32_BIT_CONVERSION = YES;
				GCC_WARN_ABOUT_RETURN_TYPE = YES_ERROR;
				GCC_WARN_UNDECLARED_SELECTOR = YES;
				GCC_WARN_UNINITIALIZED_AUTOS = YES_AGGRESSIVE;
				GCC_WARN_UNUSED_FUNCTION = YES;
				GCC_WARN_UNUSED_VARIABLE = YES;
				IPHONEOS_DEPLOYMENT_TARGET = 12.1;
				MTL_ENABLE_DEBUG_INFO = NO;
				MTL_FAST_MATH = YES;
				SDKROOT = iphoneos;
				SWIFT_COMPILATION_MODE = wholemodule;
				SWIFT_OPTIMIZATION_LEVEL = "-O";
				VALIDATE_PRODUCT = YES;
			};
			name = Release;
		};
		D102ED66219CBEDE000D2E55 /* Debug */ = {
			isa = XCBuildConfiguration;
			buildSettings = {
				ALWAYS_EMBED_SWIFT_STANDARD_LIBRARIES = YES;
				ASSETCATALOG_COMPILER_APPICON_NAME = AppIcon;
				CODE_SIGN_STYLE = Automatic;
				DEVELOPMENT_TEAM = 4A24X873BZ;
				INFOPLIST_FILE = WalkAbout/Info.plist;
				LD_RUNPATH_SEARCH_PATHS = (
					"$(inherited)",
					"@executable_path/Frameworks",
				);
				PRODUCT_BUNDLE_IDENTIFIER = is.cuehf.WalkAbout;
				PRODUCT_NAME = "$(TARGET_NAME)";
				SWIFT_VERSION = 4.2;
				TARGETED_DEVICE_FAMILY = "1,2";
			};
			name = Debug;
		};
		D102ED67219CBEDE000D2E55 /* Release */ = {
			isa = XCBuildConfiguration;
			buildSettings = {
				ALWAYS_EMBED_SWIFT_STANDARD_LIBRARIES = YES;
				ASSETCATALOG_COMPILER_APPICON_NAME = AppIcon;
				CODE_SIGN_STYLE = Automatic;
				DEVELOPMENT_TEAM = 4A24X873BZ;
				INFOPLIST_FILE = WalkAbout/Info.plist;
				LD_RUNPATH_SEARCH_PATHS = (
					"$(inherited)",
					"@executable_path/Frameworks",
				);
				PRODUCT_BUNDLE_IDENTIFIER = is.cuehf.WalkAbout;
				PRODUCT_NAME = "$(TARGET_NAME)";
				SWIFT_VERSION = 4.2;
				TARGETED_DEVICE_FAMILY = "1,2";
			};
			name = Release;
		};
		D102ED69219CBEDE000D2E55 /* Debug */ = {
			isa = XCBuildConfiguration;
			buildSettings = {
				ALWAYS_EMBED_SWIFT_STANDARD_LIBRARIES = YES;
				BUNDLE_LOADER = "$(TEST_HOST)";
				CODE_SIGN_STYLE = Automatic;
				DEVELOPMENT_TEAM = 4A24X873BZ;
				INFOPLIST_FILE = WalkAboutTests/Info.plist;
				LD_RUNPATH_SEARCH_PATHS = (
					"$(inherited)",
					"@executable_path/Frameworks",
					"@loader_path/Frameworks",
				);
				PRODUCT_BUNDLE_IDENTIFIER = is.cuehf.WalkAboutTests;
				PRODUCT_NAME = "$(TARGET_NAME)";
				SWIFT_VERSION = 4.2;
				TARGETED_DEVICE_FAMILY = "1,2";
				TEST_HOST = "$(BUILT_PRODUCTS_DIR)/WalkAbout.app/WalkAbout";
			};
			name = Debug;
		};
		D102ED6A219CBEDE000D2E55 /* Release */ = {
			isa = XCBuildConfiguration;
			buildSettings = {
				ALWAYS_EMBED_SWIFT_STANDARD_LIBRARIES = YES;
				BUNDLE_LOADER = "$(TEST_HOST)";
				CODE_SIGN_STYLE = Automatic;
				DEVELOPMENT_TEAM = 4A24X873BZ;
				INFOPLIST_FILE = WalkAboutTests/Info.plist;
				LD_RUNPATH_SEARCH_PATHS = (
					"$(inherited)",
					"@executable_path/Frameworks",
					"@loader_path/Frameworks",
				);
				PRODUCT_BUNDLE_IDENTIFIER = is.cuehf.WalkAboutTests;
				PRODUCT_NAME = "$(TARGET_NAME)";
				SWIFT_VERSION = 4.2;
				TARGETED_DEVICE_FAMILY = "1,2";
				TEST_HOST = "$(BUILT_PRODUCTS_DIR)/WalkAbout.app/WalkAbout";
			};
			name = Release;
		};
/* End XCBuildConfiguration section */

/* Begin XCConfigurationList section */
		D102ED41219CBEDD000D2E55 /* Build configuration list for PBXProject "WalkAbout" */ = {
			isa = XCConfigurationList;
			buildConfigurations = (
				D102ED63219CBEDE000D2E55 /* Debug */,
				D102ED64219CBEDE000D2E55 /* Release */,
			);
			defaultConfigurationIsVisible = 0;
			defaultConfigurationName = Release;
		};
		D102ED65219CBEDE000D2E55 /* Build configuration list for PBXNativeTarget "WalkAbout" */ = {
			isa = XCConfigurationList;
			buildConfigurations = (
				D102ED66219CBEDE000D2E55 /* Debug */,
				D102ED67219CBEDE000D2E55 /* Release */,
			);
			defaultConfigurationIsVisible = 0;
			defaultConfigurationName = Release;
		};
		D102ED68219CBEDE000D2E55 /* Build configuration list for PBXNativeTarget "WalkAboutTests" */ = {
			isa = XCConfigurationList;
			buildConfigurations = (
				D102ED69219CBEDE000D2E55 /* Debug */,
				D102ED6A219CBEDE000D2E55 /* Release */,
			);
			defaultConfigurationIsVisible = 0;
			defaultConfigurationName = Release;
		};
/* End XCConfigurationList section */
	};
	rootObject = D102ED3E219CBEDD000D2E55 /* Project object */;
}
